{
  "version": "2",
  "remote": {
    "https://deno.land/std@0.140.0/_util/assert.ts": "e94f2eb37cebd7f199952e242c77654e43333c1ac4c5c700e929ea3aa5489f74",
    "https://deno.land/std@0.140.0/_util/os.ts": "3b4c6e27febd119d36a416d7a97bd3b0251b77c88942c8f16ee5953ea13e2e49",
    "https://deno.land/std@0.140.0/fs/_util.ts": "0fb24eb4bfebc2c194fb1afdb42b9c3dda12e368f43e8f2321f84fc77d42cb0f",
    "https://deno.land/std@0.140.0/fs/ensure_dir.ts": "9dc109c27df4098b9fc12d949612ae5c9c7169507660dcf9ad90631833209d9d",
    "https://deno.land/std@0.140.0/fs/expand_glob.ts": "0c10130d67c9b02164b03df8e43c6d6defbf8e395cb69d09e84a8586e6d72ac3",
    "https://deno.land/std@0.140.0/fs/walk.ts": "117403ccd21fd322febe56ba06053b1ad5064c802170f19b1ea43214088fe95f",
    "https://deno.land/std@0.140.0/path/_constants.ts": "df1db3ffa6dd6d1252cc9617e5d72165cd2483df90e93833e13580687b6083c3",
    "https://deno.land/std@0.140.0/path/_interface.ts": "ee3b431a336b80cf445441109d089b70d87d5e248f4f90ff906820889ecf8d09",
    "https://deno.land/std@0.140.0/path/_util.ts": "c1e9686d0164e29f7d880b2158971d805b6e0efc3110d0b3e24e4b8af2190d2b",
    "https://deno.land/std@0.140.0/path/common.ts": "bee563630abd2d97f99d83c96c2fa0cca7cee103e8cb4e7699ec4d5db7bd2633",
    "https://deno.land/std@0.140.0/path/glob.ts": "cb5255638de1048973c3e69e420c77dc04f75755524cb3b2e160fe9277d939ee",
    "https://deno.land/std@0.140.0/path/mod.ts": "d3e68d0abb393fb0bf94a6d07c46ec31dc755b544b13144dee931d8d5f06a52d",
    "https://deno.land/std@0.140.0/path/posix.ts": "293cdaec3ecccec0a9cc2b534302dfe308adb6f10861fa183275d6695faace44",
    "https://deno.land/std@0.140.0/path/separator.ts": "fe1816cb765a8068afb3e8f13ad272351c85cbc739af56dacfc7d93d710fe0f9",
    "https://deno.land/std@0.140.0/path/win32.ts": "31811536855e19ba37a999cd8d1b62078235548d67902ece4aa6b814596dd757",
    "https://deno.land/std@0.150.0/_util/assert.ts": "e94f2eb37cebd7f199952e242c77654e43333c1ac4c5c700e929ea3aa5489f74",
    "https://deno.land/std@0.150.0/_util/os.ts": "3b4c6e27febd119d36a416d7a97bd3b0251b77c88942c8f16ee5953ea13e2e49",
    "https://deno.land/std@0.150.0/async/abortable.ts": "87aa7230be8360c24ad437212311c9e8d4328854baec27b4c7abb26e85515c06",
    "https://deno.land/std@0.150.0/async/deadline.ts": "48ac998d7564969f3e6ec6b6f9bf0217ebd00239b1b2292feba61272d5dd58d0",
    "https://deno.land/std@0.150.0/async/debounce.ts": "564273ef242bcfcda19a439132f940db8694173abffc159ea34f07d18fc42620",
    "https://deno.land/std@0.150.0/async/deferred.ts": "bc18e28108252c9f67dfca2bbc4587c3cbf3aeb6e155f8c864ca8ecff992b98a",
    "https://deno.land/std@0.150.0/async/delay.ts": "cbbdf1c87d1aed8edc7bae13592fb3e27e3106e0748f089c263390d4f49e5f6c",
    "https://deno.land/std@0.150.0/async/mod.ts": "9852cd8ed897ab2d41a8fbee611d574e97898327db5c19d9d58e41126473f02c",
    "https://deno.land/std@0.150.0/async/mux_async_iterator.ts": "5b4aca6781ad0f2e19ccdf1d1a1c092ccd3e00d52050d9c27c772658c8367256",
    "https://deno.land/std@0.150.0/async/pool.ts": "ef9eb97b388543acbf0ac32647121e4dbe629236899586c4d4311a8770fbb239",
    "https://deno.land/std@0.150.0/async/tee.ts": "bcfae0017ebb718cf4eef9e2420e8675d91cb1bcc0ed9b668681af6e6caad846",
    "https://deno.land/std@0.150.0/flags/mod.ts": "594472736e24b2f2afd3451cf7ccd58a21706ce91006478a544fdfa056c69697",
    "https://deno.land/std@0.150.0/fs/_util.ts": "2cf50bfb1081c2d5f2efec10ac19abbc2baf478e51cd1b057d0da2f30585b6ba",
    "https://deno.land/std@0.150.0/fs/walk.ts": "6ce8d87fbaeda23383e979599ad27f3f94b3e5ff0c0cd976b5fc5c2aa0df7d92",
    "https://deno.land/std@0.150.0/http/http_status.ts": "897575a7d6bc2b9123f6a38ecbc0f03d95a532c5d92029315dc9f508e12526b8",
    "https://deno.land/std@0.150.0/http/server.ts": "0b0a9f3abfcfecead944b31ee9098a0c11a59b0495bf873ee200eb80e7441483",
    "https://deno.land/std@0.150.0/media_types/_util.ts": "ce9b4fc4ba1c447dafab619055e20fd88236ca6bdd7834a21f98bd193c3fbfa1",
    "https://deno.land/std@0.150.0/media_types/mod.ts": "2d4b6f32a087029272dc59e0a55ae3cc4d1b27b794ccf528e94b1925795b3118",
    "https://deno.land/std@0.150.0/media_types/vendor/mime-db.v1.52.0.ts": "724cee25fa40f1a52d3937d6b4fbbfdd7791ff55e1b7ac08d9319d5632c7f5af",
    "https://deno.land/std@0.150.0/path/_constants.ts": "df1db3ffa6dd6d1252cc9617e5d72165cd2483df90e93833e13580687b6083c3",
    "https://deno.land/std@0.150.0/path/_interface.ts": "ee3b431a336b80cf445441109d089b70d87d5e248f4f90ff906820889ecf8d09",
    "https://deno.land/std@0.150.0/path/_util.ts": "c1e9686d0164e29f7d880b2158971d805b6e0efc3110d0b3e24e4b8af2190d2b",
    "https://deno.land/std@0.150.0/path/common.ts": "bee563630abd2d97f99d83c96c2fa0cca7cee103e8cb4e7699ec4d5db7bd2633",
    "https://deno.land/std@0.150.0/path/glob.ts": "cb5255638de1048973c3e69e420c77dc04f75755524cb3b2e160fe9277d939ee",
    "https://deno.land/std@0.150.0/path/mod.ts": "4945b430b759b0b3d98f2a278542cbcf95e0ad2bd8eaaed3c67322b306b2b346",
    "https://deno.land/std@0.150.0/path/posix.ts": "c1f7afe274290ea0b51da07ee205653b2964bd74909a82deb07b69a6cc383aaa",
    "https://deno.land/std@0.150.0/path/separator.ts": "fe1816cb765a8068afb3e8f13ad272351c85cbc739af56dacfc7d93d710fe0f9",
    "https://deno.land/std@0.150.0/path/win32.ts": "bd7549042e37879c68ff2f8576a25950abbfca1d696d41d82c7bca0b7e6f452c",
    "https://deno.land/std@0.150.0/semver/mod.ts": "4a5195fa81b4aede8875a386550a1119f01fb58d74aea899b2cfb136c05a7310",
    "https://deno.land/std@0.152.0/async/abortable.ts": "87aa7230be8360c24ad437212311c9e8d4328854baec27b4c7abb26e85515c06",
    "https://deno.land/std@0.152.0/async/deadline.ts": "48ac998d7564969f3e6ec6b6f9bf0217ebd00239b1b2292feba61272d5dd58d0",
    "https://deno.land/std@0.152.0/async/debounce.ts": "564273ef242bcfcda19a439132f940db8694173abffc159ea34f07d18fc42620",
    "https://deno.land/std@0.152.0/async/deferred.ts": "bc18e28108252c9f67dfca2bbc4587c3cbf3aeb6e155f8c864ca8ecff992b98a",
    "https://deno.land/std@0.152.0/async/delay.ts": "cbbdf1c87d1aed8edc7bae13592fb3e27e3106e0748f089c263390d4f49e5f6c",
    "https://deno.land/std@0.152.0/async/mod.ts": "dd0a8ed4f3984ffabe2fcca7c9f466b7932d57b1864ffee148a5d5388316db6b",
    "https://deno.land/std@0.152.0/async/mux_async_iterator.ts": "5b4aca6781ad0f2e19ccdf1d1a1c092ccd3e00d52050d9c27c772658c8367256",
    "https://deno.land/std@0.152.0/async/pool.ts": "ef9eb97b388543acbf0ac32647121e4dbe629236899586c4d4311a8770fbb239",
    "https://deno.land/std@0.152.0/async/tee.ts": "bcfae0017ebb718cf4eef9e2420e8675d91cb1bcc0ed9b668681af6e6caad846",
    "https://deno.land/std@0.152.0/http/server.ts": "0b0a9f3abfcfecead944b31ee9098a0c11a59b0495bf873ee200eb80e7441483",
    "https://deno.land/std@0.160.0/_util/assert.ts": "e94f2eb37cebd7f199952e242c77654e43333c1ac4c5c700e929ea3aa5489f74",
    "https://deno.land/std@0.160.0/datetime/formatter.ts": "7c8e6d16a0950f400aef41b9f1eb9168249869776ec520265dfda785d746589e",
    "https://deno.land/std@0.160.0/datetime/mod.ts": "ea927ca96dfb28c7b9a5eed5bdc7ac46bb9db38038c4922631895cea342fea87",
    "https://deno.land/std@0.160.0/datetime/tokenizer.ts": "7381e28f6ab51cb504c7e132be31773d73ef2f3e1e50a812736962b9df1e8c47",
    "https://deno.land/std@0.160.0/http/cookie.ts": "7a61e920f19c9c3ee8e07befe5fe5a530114d6babefd9ba2c50594cab724a822",
    "https://deno.land/std@0.179.0/collections/filter_values.ts": "5b9feaf17b9a6e5ffccdd36cf6f38fa4ffa94cff2602d381c2ad0c2a97929652",
    "https://deno.land/std@0.179.0/collections/without_all.ts": "a89f5da0b5830defed4f59666e188df411d8fece35a5f6ca69be6ca71a95c185",
    "https://deno.land/std@0.179.0/dotenv/load.ts": "0636983549b98f29ab75c9a22a42d9723f0a389ece5498fe971e7bb2556a12e2",
    "https://deno.land/std@0.179.0/dotenv/mod.ts": "8dcbc8a40b896a0bf094582aaeadbfc76d3528872faf2efc0302beb1d2f6afd0",
    "https://deno.land/std@0.180.0/collections/filter_values.ts": "5b9feaf17b9a6e5ffccdd36cf6f38fa4ffa94cff2602d381c2ad0c2a97929652",
    "https://deno.land/std@0.180.0/collections/without_all.ts": "a89f5da0b5830defed4f59666e188df411d8fece35a5f6ca69be6ca71a95c185",
    "https://deno.land/std@0.180.0/dotenv/load.ts": "0636983549b98f29ab75c9a22a42d9723f0a389ece5498fe971e7bb2556a12e2",
    "https://deno.land/std@0.180.0/dotenv/mod.ts": "8dcbc8a40b896a0bf094582aaeadbfc76d3528872faf2efc0302beb1d2f6afd0",
    "https://deno.land/x/code_block_writer@11.0.3/mod.ts": "2c3448060e47c9d08604c8f40dee34343f553f33edcdfebbf648442be33205e5",
    "https://deno.land/x/code_block_writer@11.0.3/utils/string_utils.ts": "60cb4ec8bd335bf241ef785ccec51e809d576ff8e8d29da43d2273b69ce2a6ff",
    "https://deno.land/x/denoflate@1.2.1/mod.ts": "f5628e44b80b3d80ed525afa2ba0f12408e3849db817d47a883b801f9ce69dd6",
    "https://deno.land/x/denoflate@1.2.1/pkg/denoflate.js": "b9f9ad9457d3f12f28b1fb35c555f57443427f74decb403113d67364e4f2caf4",
    "https://deno.land/x/denoflate@1.2.1/pkg/denoflate_bg.wasm.js": "d581956245407a2115a3d7e8d85a9641c032940a8e810acbd59ca86afd34d44d",
    "https://deno.land/x/esbuild@v0.14.51/mod.d.ts": "c142324d0383c39de0d7660cd207a7f7f52c7198a13d7d3281c0d636a070f441",
    "https://deno.land/x/esbuild@v0.14.51/mod.js": "7432566c71fac77637822dc230319c7392a2d2fef51204c9d12c956d7093c279",
    "https://deno.land/x/esbuild@v0.14.51/wasm.d.ts": "c142324d0383c39de0d7660cd207a7f7f52c7198a13d7d3281c0d636a070f441",
    "https://deno.land/x/esbuild@v0.14.51/wasm.js": "afc1b6927543b664af60ce452c4929e5dc2bb9a0f4ed47b446a6431847c7598e",
    "https://deno.land/x/esbuild_deno_loader@0.5.2/deps.ts": "bf83c27b7787b2f245fa0bc0b99f5041aa949c000a81c016cfe828d06b476d37",
    "https://deno.land/x/esbuild_deno_loader@0.5.2/mod.ts": "bc111a68f323dbdb6edec68dd558ab732b27866d2ef304708872d763387b65d7",
    "https://deno.land/x/esbuild_deno_loader@0.5.2/src/deno.ts": "0e83ccabbe2b004389288e38df2031b79eb347df2d139fce9394d8e88a11f259",
    "https://deno.land/x/esbuild_deno_loader@0.5.2/src/native_loader.ts": "343854a566cf510cf25144f7c09fc0c1097780a31830305142a075d12bb697ba",
    "https://deno.land/x/esbuild_deno_loader@0.5.2/src/portable_loader.ts": "35b6c526eed8c2c781a3256b23c30aa7cce69c0ef1d583c15528663287ba18a3",
    "https://deno.land/x/esbuild_deno_loader@0.5.2/src/shared.ts": "b64749cd8c0f6252a11498bd8758ef1220003e46b2c9b68e16da63fd7e92b13a",
    "https://deno.land/x/fresh@1.1.4/dev.ts": "a66c7d64be35bcd6a8e12eec9c27ae335044c70363a241f2e36ee776db468622",
    "https://deno.land/x/fresh@1.1.4/plugins/twind.ts": "c0570d6010e29ba24ee5f43b9d3f1fe735f7fac76d9a3e680c9896373d669876",
    "https://deno.land/x/fresh@1.1.4/plugins/twind/shared.ts": "023e0ffcd66668753b5049edab0de46e6d66194fb6026c679034b9bbf04ad6f3",
    "https://deno.land/x/fresh@1.1.4/runtime.ts": "b02ec1e2e32cf73a33d262b7c9dcab9468ce16cd89fd424196c71003698a4ab0",
    "https://deno.land/x/fresh@1.1.4/server.ts": "f379c9aad24471a71e58fb887fa57e5cc27ad9df035987eb260541c78df38e84",
    "https://deno.land/x/fresh@1.1.4/src/dev/deps.ts": "de5470828c17839c0b52c328e6709f3477740b9800deaf724d6569b64b1d3872",
    "https://deno.land/x/fresh@1.1.4/src/dev/error.ts": "21a38d240c00279662e6adde41367f1da0ae7e2836d993f818ea94aabab53e7b",
    "https://deno.land/x/fresh@1.1.4/src/dev/mod.ts": "f5836b2eccd0efd7c0a726a121f174a974daefc22058f759f07d4df56c46e978",
    "https://deno.land/x/fresh@1.1.4/src/runtime/csp.ts": "9ee900e9b0b786057b1009da5976298c202d1b86d1f1e4d2510bde5f06530ac9",
    "https://deno.land/x/fresh@1.1.4/src/runtime/head.ts": "0f9932874497ab6e57ed1ba01d549e843523df4a5d36ef97460e7a43e3132fdc",
    "https://deno.land/x/fresh@1.1.4/src/runtime/utils.ts": "8320a874a44bdd5905c7d4b87a0e7a14a6c50a2ed133800e72ae57341e4d4faa",
    "https://deno.land/x/fresh@1.1.4/src/server/bundle.ts": "7fb20c084948894b8eca90984ef92c3f6d12a194910ecb9adee21ace9f1607bb",
    "https://deno.land/x/fresh@1.1.4/src/server/constants.ts": "ad10dda1bc20c25c2926f6a8cfd79ef4368d70b4b03a645f65c04b3fa7d93a8c",
    "https://deno.land/x/fresh@1.1.4/src/server/context.ts": "2773bf0f9b170f888a3135df5646b2cd5492add072eeb8569e73eb3cfcad963e",
    "https://deno.land/x/fresh@1.1.4/src/server/default_error_page.ts": "9a1a595a1a2b31c9b724b04db82b8af256285536db272658d831ac9ef1d3d448",
    "https://deno.land/x/fresh@1.1.4/src/server/deps.ts": "1b467e4d00109356b06117a9f2e5a21a2b48353a0e573b25cdbbfe7e9cfccb34",
    "https://deno.land/x/fresh@1.1.4/src/server/htmlescape.ts": "834ac7d0caa9fc38dffd9b8613fb47aeecd4f22d5d70c51d4b20a310c085835c",
    "https://deno.land/x/fresh@1.1.4/src/server/mod.ts": "72d213444334dd2e94c757a0eee0fc486c0919399ea9184d07ad042f34edd00d",
    "https://deno.land/x/fresh@1.1.4/src/server/render.ts": "6f50707bd1f6e33ed84bb71ae3b0996d202b953cefc4285f5356524c7b21f01f",
    "https://deno.land/x/fresh@1.1.4/src/server/types.ts": "dde992ab4ee635df71a7fc96fe4cd85943c1a9286ea8eb586563d5f5ca154955",
    "https://deno.land/x/importmap@0.2.1/_util.ts": "ada9a9618b537e6c0316c048a898352396c882b9f2de38aba18fd3f2950ede89",
    "https://deno.land/x/importmap@0.2.1/mod.ts": "ae3d1cd7eabd18c01a4960d57db471126b020f23b37ef14e1359bbb949227ade",
    "https://deno.land/x/rutt@0.0.14/mod.ts": "5027b8e8b12acca48b396a25aee74ad7ee94a25c24cda75571d7839cbd41113c",
    "https://deno.land/x/ts_morph@16.0.0/common/DenoRuntime.ts": "537800e840d0994f9055164e11bf33eadf96419246af0d3c453793c3ae67bdb3",
    "https://deno.land/x/ts_morph@16.0.0/common/mod.ts": "01985d2ee7da8d1caee318a9d07664774fbee4e31602bc2bb6bb62c3489555ed",
    "https://deno.land/x/ts_morph@16.0.0/common/ts_morph_common.d.ts": "39f2ddefd4995e4344236c44c2bf296069149f45ef6f00440b56e7b32cb2b3bd",
    "https://deno.land/x/ts_morph@16.0.0/common/ts_morph_common.js": "7d908bf4f416aa96de956dc11ecc83b585bed297e16418d496ca04a3481067e0",
    "https://deno.land/x/ts_morph@16.0.0/common/typescript.d.ts": "df7dd83543f14081ca74918d5a80ff60f634f465746cf2aff8924b28bcc3b152",
    "https://deno.land/x/ts_morph@16.0.0/common/typescript.js": "5c59651248a4c41b25fa7beee8e0d0d0fab5f439fa72d478e65abd8241aa533c",
    "https://deno.land/x/ts_morph@16.0.0/mod.ts": "adba9b82f24865d15d2c78ef6074b9a7457011719056c9928c800f130a617c93",
    "https://deno.land/x/ts_morph@16.0.0/ts_morph.d.ts": "38668b0e3780282a56a805425494490b0045d1928bd040c47a94095749dab8c3",
    "https://deno.land/x/ts_morph@16.0.0/ts_morph.js": "9fc0f3d6a3997c2df023fabc4e529d2117d214ffd4fd04247ca2f56c4e9cd470",
    "https://esm.sh/*@preact/signals-core@1.0.1": "1f126986d692cbc1683d357258bcea52bdc41d3f7665133d539da54fb21cf028",
    "https://esm.sh/*@preact/signals@1.0.3": "471c26bafb7311676e777b4b4653c7b2355a9fec24fa4bca0b5ec0d522e6f7e6",
    "https://esm.sh/*preact-render-to-string@5.2.4": "5c965103e5039039a89c5de1f551a690aecd3918afe53b5d967ce5d96d939584",
    "https://esm.sh/mongoose@7.0.2": "91d10bae711293eae38de786412ac7e4c45f27a918561a00acee0e6fecb44065",
    "https://esm.sh/preact-router@4.1.0": "8695fca1cac747b72f4d4c761d55a875fb0e8a22ead09ff7ea93d8e9af3ca3f8",
    "https://esm.sh/preact@10.11.0": "e888b244446037c56f1881173fb51d1f5fa7aae5599e6c5154619346a6a5094e",
    "https://esm.sh/preact@10.11.0/compat": "5641fed454f05cc40e96305b1a7376422b899f85025a5192e27d0f12d532db9c",
    "https://esm.sh/preact@10.11.0/debug": "f0e4148b09f4a5242f53bdfb1d0bf906328f19d6034340a3942ff06d7dfdca83",
    "https://esm.sh/preact@10.11.0/hooks": "2b8ec155eb8b87501663f074acff1d55a9114fa7d88f0b39da06c940af1ff736",
    "https://esm.sh/preact@10.11.0/hooks/": "2b8ec155eb8b87501663f074acff1d55a9114fa7d88f0b39da06c940af1ff736",
    "https://esm.sh/preact@10.11.0/jsx-runtime": "5c123264f19799ab243211132dded45f6d42d594b5c78dd585f947d07bf20eae",
    "https://esm.sh/react-icons@4.8.0": "49ec2eb610e1e625646d8766232e618facc68b1e44aa3a73f37aa450169572e6",
    "https://esm.sh/react-icons@4.8.0/ai?alias=react:preact/compat": "a16a2b54c31e8d79acb8811d63593b3f50ca11efd71ce56404d617fd0e5523ae",
    "https://esm.sh/react-icons@4.8.0/bi?alias=react:preact/compat": "42ef1973dc708b12acd41191f3b0e0aa3aedd3f57349cc1d431323bb978c74bc",
    "https://esm.sh/react-icons@4.8.0/bs": "cf5cfc2d5beee323712113313b3cf4639094ca0cd88472a9679735bfff8a2f24",
    "https://esm.sh/react-icons@4.8.0/bs?alias=react:preact/compat": "0cca3ef736b7a4b2f8c76f82512d6d511490688667aa7259cf4845eaf3dd4197",
    "https://esm.sh/react-icons@4.8.0/fa": "2965980b3b8cf2261011406bcf5077d01f5cf8e6333ca0fbeb1f3669fb381028",
    "https://esm.sh/react-icons@4.8.0/fa?alias=react:preact/compat": "13902326f5e0341f025a99e26138e933ad289740be29824a0c13905b73e1938d",
    "https://esm.sh/react-icons@4.8.0?alias=react:preact/compat": "c6649b287d012e23033b4c11827f64a7c18a7afe849066b792df31d1a07e5127",
    "https://esm.sh/react-icons@4.8.0?alias=react:preact/compat&deps=preact@10.11.0/": "e59db3f81a90caa373e358486a6677183668034dfa64f0ae43e70e0023de3c37",
    "https://esm.sh/stable/preact@10.11.0/deno/compat.js": "8eb88416061a161f9f397c0d133a5684e69675b8a8b27bee8e7ab5d4fc3d0249",
    "https://esm.sh/stable/preact@10.11.0/deno/debug.js": "7fe96e6cda7b1adfb7f011e588d54f6f72a423f520325bad2d311e5f796471ec",
    "https://esm.sh/stable/preact@10.11.0/deno/devtools.js": "e32d8e22b745739cdafe043bc6ff808550583ecaf885742314759c25b31a7c20",
    "https://esm.sh/stable/preact@10.11.0/deno/hooks.js": "32a891b0e7abdfbf30dc7c274dbcbd46f2ea04d6637174451c50c41c12429805",
    "https://esm.sh/stable/preact@10.11.0/deno/jsx-runtime.js": "0310ceb4c83643ee994baa3104675f08834300731a838ddecf5078853492e8d3",
    "https://esm.sh/stable/preact@10.11.0/deno/preact.js": "08219fcb5b92ccdc709233a070ab22478c91521866c819aea679144847e4e87a",
    "https://esm.sh/stable/preact@10.13.0/deno/hooks.js": "edbcf1ae84cca4c7c9c6354e713737db9ab967586e48132dd0d0b6ac5822108b",
    "https://esm.sh/stable/preact@10.13.0/deno/preact.js": "20da7180ef91ea6de3814b14bbfbcac7bb40b4d4ed193a5843513f1a9b3665c7",
    "https://esm.sh/stable/preact@10.13.1/deno/compat.js": "7d9d192a5ecce50f5a10a8d45d5788444e6ec3dcbf5eae9346579e40d1d90206",
    "https://esm.sh/stable/preact@10.13.1/deno/hooks.js": "a90cebbdf3b4e52f0052fcf7332e4930449e58d27dbc22b98f135f6379e83908",
    "https://esm.sh/stable/preact@10.13.1/deno/preact.js": "f93b0cff8f1665c91457b087f116193d301804cf76a27d960a90bec5c358666f",
    "https://esm.sh/stable/react@18.2.0/deno/react.js": "99f4a29109464569449be1002a828827c6dc9d7a386d28da012c29ba4cc88abd",
    "https://esm.sh/twind@0.16.17": "519a5a4d20ff4f797ddf747af70a5600b3581c50a6edf38a4d77e8d7b4caff74",
    "https://esm.sh/twind@0.16.17/css": "82d4fb6e5892f81752dc50d649e7816d1c32de83198b48d92d4f41805b70fa1c",
    "https://esm.sh/twind@0.16.17/sheets": "5a2b275c294ceffb1b09f2cc367b386172b6ccaa14273dbde473865d4d3f6721",
    "https://esm.sh/v111/@preact/signals-core@1.0.1/X-ZS8q/deno/signals-core.js": "0b0f3cf517d6e7881d004d840d95f07bd0cf687d4e30f02a3fe4307c3a0e5012",
    "https://esm.sh/v111/@preact/signals-core@1.0.1/X-ZS8q/dist/signals-core.d.ts": "7a2bc0ea4bb4197fe888236017e1429cb3129ca64eb37146f11f102d9513c54d",
    "https://esm.sh/v111/@preact/signals@1.0.3/X-ZS8q/deno/signals.js": "c2807ebadd1f0786d208bb474a5a879cdc2558ec130d6a3d2f38a4ca33726c96",
    "https://esm.sh/v111/@preact/signals@1.0.3/X-ZS8q/dist/signals.d.ts": "f4fbae092f6622b348cc45503aef1a2076ea0c4bf37ab78a691a77220217a027",
    "https://esm.sh/v111/@types/node@16.18.12/buffer.d.ts": "d04bd21ebee28543a64e906cfaa7a4776bc2ca5a4ef1c85d6c8480216ad2045d",
    "https://esm.sh/v111/@types/node@16.18.12/crypto.d.ts": "4c65832de836a8e963d9b235c4bb2b954a0d9d9e551724f4b35fea385a4fe9b9",
    "https://esm.sh/v111/@types/node@16.18.12/dns.d.ts": "b2f6573788b02dbbb1407006b59592eec8af6bac3b57db0f986c7a9716ccb9fe",
    "https://esm.sh/v111/@types/node@16.18.12/dns/promises.d.ts": "fea1ea1df2226bda54714dc41ed475c05304abf7ade0a510a0a8f6749c6d2f42",
    "https://esm.sh/v111/@types/node@16.18.12/events.d.ts": "0a56288882b446cffb28b27a166af6c0b47c07a98e90f324746a329b546bd179",
    "https://esm.sh/v111/@types/node@16.18.12/net.d.ts": "6c12712681074c50510d1db72f8927c4f8bfb6fe07cf0b855ad04bde5386a388",
    "https://esm.sh/v111/@types/node@16.18.12/stream.d.ts": "e687ad88b8518e2b08009462cf01a710f031caea2ba9a25754fbd2c5a53e6549",
    "https://esm.sh/v111/@types/node@16.18.12/stream/consumers.d.ts": "73118af433ed42be9a7dbcd9f4927b3fe3f2afbaa83c9c759715f066b6f44161",
    "https://esm.sh/v111/@types/node@16.18.12/stream/promises.d.ts": "090bdb2490d66ba7be4d4f44eb5301addc6732552da6e017b1c38253eb2e36e1",
    "https://esm.sh/v111/@types/node@16.18.12/stream/web.d.ts": "66bb5773a1c19e9458fff2c84cb9a9efa77aa5e191c953a0e2a07c2b475f6e81",
    "https://esm.sh/v111/@types/node@16.18.12/tls.d.ts": "ab86f1039ff7ecce0ade6b64dd43425c23f2e05ae859b33da0929c2ac0a37fd0",
    "https://esm.sh/v111/@types/prop-types@15.7.5/X-YS9yZWFjdDpwcmVhY3QvY29tcGF0/index.d.ts": "6a386ff939f180ae8ef064699d8b7b6e62bc2731a62d7fbf5e02589383838dea",
    "https://esm.sh/v111/@types/prop-types@15.7.5/X-YS9yZWFjdDpwcmVhY3QvY29tcGF0CmQvcHJlYWN0QDEwLjExLjA/index.d.ts": "6a386ff939f180ae8ef064699d8b7b6e62bc2731a62d7fbf5e02589383838dea",
    "https://esm.sh/v111/@types/prop-types@15.7.5/index.d.ts": "6a386ff939f180ae8ef064699d8b7b6e62bc2731a62d7fbf5e02589383838dea",
    "https://esm.sh/v111/@types/react@18.0.28/X-YS9yZWFjdDpwcmVhY3QvY29tcGF0/global.d.ts": "bbdf156fea2fabed31a569445835aeedcc33643d404fcbaa54541f06c109df3f",
    "https://esm.sh/v111/@types/react@18.0.28/X-YS9yZWFjdDpwcmVhY3QvY29tcGF0/index.d.ts": "92f51b54fe401886a778e7e7826cced5a09380f998a0d59374e0f826604cf4e5",
    "https://esm.sh/v111/@types/react@18.0.28/X-YS9yZWFjdDpwcmVhY3QvY29tcGF0/index~.d.ts": "92f51b54fe401886a778e7e7826cced5a09380f998a0d59374e0f826604cf4e5",
    "https://esm.sh/v111/@types/react@18.0.28/X-YS9yZWFjdDpwcmVhY3QvY29tcGF0CmQvcHJlYWN0QDEwLjExLjA/global.d.ts": "bbdf156fea2fabed31a569445835aeedcc33643d404fcbaa54541f06c109df3f",
    "https://esm.sh/v111/@types/react@18.0.28/X-YS9yZWFjdDpwcmVhY3QvY29tcGF0CmQvcHJlYWN0QDEwLjExLjA/index.d.ts": "a114f76c8efcb54b14ab774688d51f6a7c1890471d35270ecbc46685292726ac",
    "https://esm.sh/v111/@types/react@18.0.28/global.d.ts": "bbdf156fea2fabed31a569445835aeedcc33643d404fcbaa54541f06c109df3f",
    "https://esm.sh/v111/@types/react@18.0.28/index.d.ts": "bb01db1b434ece658ae4da2a91c855f5ce823bdad82d8a0265e325aa12193450",
    "https://esm.sh/v111/@types/scheduler@0.16.2/X-YS9yZWFjdDpwcmVhY3QvY29tcGF0/tracing.d.ts": "f5a8b384f182b3851cec3596ccc96cb7464f8d3469f48c74bf2befb782a19de5",
    "https://esm.sh/v111/@types/scheduler@0.16.2/X-YS9yZWFjdDpwcmVhY3QvY29tcGF0CmQvcHJlYWN0QDEwLjExLjA/tracing.d.ts": "f5a8b384f182b3851cec3596ccc96cb7464f8d3469f48c74bf2befb782a19de5",
    "https://esm.sh/v111/@types/scheduler@0.16.2/tracing.d.ts": "f5a8b384f182b3851cec3596ccc96cb7464f8d3469f48c74bf2befb782a19de5",
    "https://esm.sh/v111/bson@5.0.1/bson.d.ts": "7b392437fbbfab3cde3c43e0df100c1f55729807ca4df28c36693660087f1a77",
    "https://esm.sh/v111/csstype@3.1.1/X-YS9yZWFjdDpwcmVhY3QvY29tcGF0/index.d.ts": "1c29793071152b207c01ea1954e343be9a44d85234447b2b236acae9e709a383",
    "https://esm.sh/v111/csstype@3.1.1/X-YS9yZWFjdDpwcmVhY3QvY29tcGF0CmQvcHJlYWN0QDEwLjExLjA/index.d.ts": "1c29793071152b207c01ea1954e343be9a44d85234447b2b236acae9e709a383",
    "https://esm.sh/v111/csstype@3.1.1/index.d.ts": "1c29793071152b207c01ea1954e343be9a44d85234447b2b236acae9e709a383",
    "https://esm.sh/v111/mongodb@5.1.0/mongodb.d.ts": "4add3a256374adae30626ecaf46c1664720cb295e1d3745b1c241fddfa5cc375",
    "https://esm.sh/v111/mongoose@7.0.2/deno/mongoose.js": "5d224be506046083549c6963c634b0e5a814d5b7f3157dd8a372f4ce9bc4462f",
    "https://esm.sh/v111/mongoose@7.0.2/es2022/mongoose.js": "485936da2011d3d633cfa25497eec506a2e7cfb59c949d4f95734804ad0b6633",
    "https://esm.sh/v111/mongoose@7.0.2/types/aggregate.d.ts": "4e2b601dcaf35a78ee0084f347c47619119c1f19db8fb0f552003e2162f5e7e9",
    "https://esm.sh/v111/mongoose@7.0.2/types/callback.d.ts": "0339d33fe49fbc1c70842c886195e01eafd37f7431dd7f32209dd0544c289474",
    "https://esm.sh/v111/mongoose@7.0.2/types/collection.d.ts": "86251ff762126267eced20be6bc731c218467025939fe81c6e38b4929ea313fb",
    "https://esm.sh/v111/mongoose@7.0.2/types/connection.d.ts": "d812664950ff62c5da5331e180b2e4154c81e4dc8ab19c5e578c0e77ae59839d",
    "https://esm.sh/v111/mongoose@7.0.2/types/cursor.d.ts": "014e08a0e5af8b125836e928d75d82c2a937e0f90efef56b9fbf581c91d030d8",
    "https://esm.sh/v111/mongoose@7.0.2/types/document.d.ts": "891b019a7193bf622330af1dba198f32d2c968e9f478c635bed88a34375b3ca3",
    "https://esm.sh/v111/mongoose@7.0.2/types/error.d.ts": "17ad8d1a41ba5f35098afca190e1d08f9e6164db577c332f71b3867e6048d7d1",
    "https://esm.sh/v111/mongoose@7.0.2/types/expressions.d.ts": "5cf5ca4ac2a1137899d82f498490704b0bdc685f257288281465b90387480b71",
    "https://esm.sh/v111/mongoose@7.0.2/types/helpers.d.ts": "8f6169a23fc83267b28302517fd66133cc9ad6b7e26441fa470c4b609d1c8f1e",
    "https://esm.sh/v111/mongoose@7.0.2/types/index.d.ts": "1dc0abe8163178af233028e0a58c83a234ef237e5e640bca457d43346721f8de",
    "https://esm.sh/v111/mongoose@7.0.2/types/indexes.d.ts": "25692571be91257565b9deb9add708921d1bc10eeb1832b3fa5c94f0408bfe8b",
    "https://esm.sh/v111/mongoose@7.0.2/types/inferschematype.d.ts": "cca7fb765c9d543f1b1a8704e13717b0fd698801feb53a626a991d468c2ced9d",
    "https://esm.sh/v111/mongoose@7.0.2/types/middlewares.d.ts": "b8249aec06337670b5835ed8cd907fc478a9e4081a150d4c554d14c8224a85a9",
    "https://esm.sh/v111/mongoose@7.0.2/types/models.d.ts": "f14879571697c1241bf9efc42c521f291263efa377b7b3693e2f793003791d89",
    "https://esm.sh/v111/mongoose@7.0.2/types/mongooseoptions.d.ts": "bd6516def488cf9ffb31684f6a8c3ea071614a4d2be357a6024b3349f9f67512",
    "https://esm.sh/v111/mongoose@7.0.2/types/pipelinestage.d.ts": "fd9d67d7d7cbbcf3cee6cb2abe2f17597502ddfb54c7225c3ae1d76d8ea6e2ee",
    "https://esm.sh/v111/mongoose@7.0.2/types/populate.d.ts": "1def7345d072569461d4ec7a9d22a4ecb294f080d68ad5792dfda31fbaa7e1f3",
    "https://esm.sh/v111/mongoose@7.0.2/types/query.d.ts": "b1457c815f1a5ced034eae0063d64f045e1493b0462a0b43c9a20b91bd7f9d26",
    "https://esm.sh/v111/mongoose@7.0.2/types/schemaoptions.d.ts": "411f15a239f1f069b9b3dade5ee869e537b72c60e6e880754b6b5d604f2028e9",
    "https://esm.sh/v111/mongoose@7.0.2/types/schematypes.d.ts": "4ce8f30caf02eb00b7a9492b684bd2372b06ed73dc48876e35743ebf9d7b9c19",
    "https://esm.sh/v111/mongoose@7.0.2/types/session.d.ts": "6d031e9bd560b077801fe36899dfc132afca2e6e5aca5fbbe7a69ec480982928",
    "https://esm.sh/v111/mongoose@7.0.2/types/types.d.ts": "9dd74dd18d3293b9ab9029c0f902f6b0fd29597086c8d3a7d76bd1fc181b885c",
    "https://esm.sh/v111/mongoose@7.0.2/types/utility.d.ts": "aa1c6517bfd85495cd39b163fadbb9dd7c9a0f53332c9e80cc25f891de977269",
    "https://esm.sh/v111/mongoose@7.0.2/types/validation.d.ts": "9a30407da46d2859a7e600ac6767df7621718f69a5bf5564a7d60833535c4f20",
    "https://esm.sh/v111/mongoose@7.0.2/types/virtuals.d.ts": "f967724c16fb47d360ad8fa1cedeacc045bd4b199535a3adcc85a1216b045ab8",
    "https://esm.sh/v111/node.ns.d.ts": "0fb081f0cd2150931bd54baa04f31466abd9ca701fd9060d07931402cf8367ba",
    "https://esm.sh/v111/preact-render-to-string@5.2.4/X-ZS8q/deno/preact-render-to-string.js": "7651121e4bb5ef2a48f840dba3f0c13087293ca2eb825aa23ffea3a87bd463b3",
    "https://esm.sh/v111/preact-render-to-string@5.2.4/X-ZS8q/src/index.d.ts": "b1d73703252c8570fdf2952475805f5808ba3511fefbd93a3e7bd8406de7dcd0",
    "https://esm.sh/v111/preact-router@4.1.0/deno/preact-router.js": "89d964074468e8cf2df55a23212d4a38e67b8c4de54e4d175c78ef6e3cf30eec",
    "https://esm.sh/v111/preact-router@4.1.0/index.d.ts": "2f81f46c8b42f720e7e8c59a9b5b174ff99a1531405164c8e75905b03d55c954",
    "https://esm.sh/v111/preact@10.11.0/compat/src/index.d.ts": "c1f8da0c5666e296510cab41732743d593d71642ea55f57fbd19c6abae4e0192",
    "https://esm.sh/v111/preact@10.11.0/compat/src/suspense-list.d.ts": "b8e274324392157ce476ef3a48ae215c9f7003b08525d140645f19eab20d1948",
    "https://esm.sh/v111/preact@10.11.0/compat/src/suspense.d.ts": "81f5266e0977a94347505d11b8103024211f2b4f3b2eb2aa276a10d8fd169e65",
    "https://esm.sh/v111/preact@10.11.0/hooks/": "2b8ec155eb8b87501663f074acff1d55a9114fa7d88f0b39da06c940af1ff736",
    "https://esm.sh/v111/preact@10.11.0/hooks/src/index.d.ts": "5c29febb624fc25d71cb0e125848c9b711e233337a08f7eacfade38fd4c14cc3",
    "https://esm.sh/v111/preact@10.11.0/jsx-runtime/src/index.d.ts": "e153460ed2b3fe2ad8b93696ecd48fbf73cd628b0b0ea6692b71804a3af69dfd",
    "https://esm.sh/v111/preact@10.11.0/src/index.d.ts": "1a5c331227be54be6515b0c92a469d352834fa413963ae84a39a05a3177111f6",
    "https://esm.sh/v111/preact@10.11.0/src/jsx.d.ts": "c423715fd7992b2e1446fea11d2d04e8adbd66c1edca1ce5e85f90e0d26a2eb2",
    "https://esm.sh/v111/react-icons@4.8.0/X-YS9yZWFjdDpwcmVhY3QvY29tcGF0/ai/index.d.ts": "e2ea99d230baa275dd764546b1f601813c1ae2fa66b9bff9a281e053498d77d2",
    "https://esm.sh/v111/react-icons@4.8.0/X-YS9yZWFjdDpwcmVhY3QvY29tcGF0/bi/index.d.ts": "81b4bd8f5fea33f73ffdbeed5bde522aa6a1b771568e1ed53381fa67f7c1ee5a",
    "https://esm.sh/v111/react-icons@4.8.0/X-YS9yZWFjdDpwcmVhY3QvY29tcGF0/bs/index.d.ts": "811346068c146d75857957aa7b4a53fa313b80f69350fc220a3305f9757d3967",
    "https://esm.sh/v111/react-icons@4.8.0/X-YS9yZWFjdDpwcmVhY3QvY29tcGF0/deno/ai.js": "1ee5abf9a0008d0334a1b160f51e9d34e8dd830cad8f8465680c59d875720399",
    "https://esm.sh/v111/react-icons@4.8.0/X-YS9yZWFjdDpwcmVhY3QvY29tcGF0/deno/bi.js": "18a639db18108998f3603b3016bc36969104aee352b0af81bf5826b6407123aa",
    "https://esm.sh/v111/react-icons@4.8.0/X-YS9yZWFjdDpwcmVhY3QvY29tcGF0/deno/bs.js": "799aee6bb5cbdadaf5f290a57224b140c57280663083fa4a19decd7dfed9cb10",
    "https://esm.sh/v111/react-icons@4.8.0/X-YS9yZWFjdDpwcmVhY3QvY29tcGF0/deno/fa.js": "9f7f06f4a6d1b8f587e906717bdea1eef7c8a0f75b3fb88040880de937482431",
    "https://esm.sh/v111/react-icons@4.8.0/X-YS9yZWFjdDpwcmVhY3QvY29tcGF0/deno/lib.js": "bec143543f3ed239a792f79f3021be6b64578a73d5cedb80b4fce9d4fce182a9",
    "https://esm.sh/v111/react-icons@4.8.0/X-YS9yZWFjdDpwcmVhY3QvY29tcGF0/deno/lib/esm/iconBase.js": "b58a6c344c36bfa4381bcad89f323ae982996ebddcea5ba9f5e453e55c67ac73",
    "https://esm.sh/v111/react-icons@4.8.0/X-YS9yZWFjdDpwcmVhY3QvY29tcGF0/deno/lib/esm/iconContext.js": "378328c7565a5a298872e7a635146063ed5adae1fa95517a2ba923e0f2701f90",
    "https://esm.sh/v111/react-icons@4.8.0/X-YS9yZWFjdDpwcmVhY3QvY29tcGF0/deno/lib/esm/iconsManifest.js": "9cedc936156de5a17d158d5f97b595734429a4049496af4dc9b24f6c8a186458",
    "https://esm.sh/v111/react-icons@4.8.0/X-YS9yZWFjdDpwcmVhY3QvY29tcGF0/deno/react-icons.js": "935e333ed081974eee4dbbf7e65b88e11a8ada349c8613dbc4d244982945914e",
    "https://esm.sh/v111/react-icons@4.8.0/X-YS9yZWFjdDpwcmVhY3QvY29tcGF0/fa/index.d.ts": "27606c61707a6d6360b5f84db1aa7040ab82d5ac6269d7cf8b5809dc8909cbfb",
    "https://esm.sh/v111/react-icons@4.8.0/X-YS9yZWFjdDpwcmVhY3QvY29tcGF0/lib": "5117b2bb3b9f6d0172f0c37410d69e69556632f315cee6d79d731836b38d28f5",
    "https://esm.sh/v111/react-icons@4.8.0/X-YS9yZWFjdDpwcmVhY3QvY29tcGF0/lib/esm/iconBase.d.ts": "3bb52270f2cda2f3a58d84d7832d22e6c2d0467480cd1dc7a7528f1ac37a9436",
    "https://esm.sh/v111/react-icons@4.8.0/X-YS9yZWFjdDpwcmVhY3QvY29tcGF0/lib/esm/iconContext.d.ts": "1726c5c424513d4dde634823641eedc09aeda568c84fc1434ace510969d30c6d",
    "https://esm.sh/v111/react-icons@4.8.0/X-YS9yZWFjdDpwcmVhY3QvY29tcGF0/lib/esm/iconsManifest.d.ts": "9af0933b1aaaa6adc78a918c56929845c51a9d08f9c707165a9170acb2ca6ccb",
    "https://esm.sh/v111/react-icons@4.8.0/X-YS9yZWFjdDpwcmVhY3QvY29tcGF0/lib/esm/index.d.ts": "c0f5d14280ad8a807f5d37b5c444965cd9e0d5b8cfb574ffb50c0df6205efc1a",
    "https://esm.sh/v111/react-icons@4.8.0/X-YS9yZWFjdDpwcmVhY3QvY29tcGF0CmQvcHJlYWN0QDEwLjExLjA/deno/react-icons.js": "e689ee90dd1b92fa0632e252f9dafb314ae80c74aab60b352b0f4cbf89066703",
    "https://esm.sh/v111/react-icons@4.8.0/X-YS9yZWFjdDpwcmVhY3QvY29tcGF0CmQvcHJlYWN0QDEwLjExLjA/lib/esm/iconBase.d.ts": "0a53464e35f3451ae6155c79cf787003af8e530f7af3000297cf76c02dc95bf5",
    "https://esm.sh/v111/react-icons@4.8.0/X-YS9yZWFjdDpwcmVhY3QvY29tcGF0CmQvcHJlYWN0QDEwLjExLjA/lib/esm/iconContext.d.ts": "c755143b5b27ce0bc0d9388c4c5604b59972a2555e45c80b89f355cc0b802820",
    "https://esm.sh/v111/react-icons@4.8.0/X-YS9yZWFjdDpwcmVhY3QvY29tcGF0CmQvcHJlYWN0QDEwLjExLjA/lib/esm/iconsManifest.d.ts": "9af0933b1aaaa6adc78a918c56929845c51a9d08f9c707165a9170acb2ca6ccb",
    "https://esm.sh/v111/react-icons@4.8.0/X-YS9yZWFjdDpwcmVhY3QvY29tcGF0CmQvcHJlYWN0QDEwLjExLjA/lib/esm/index.d.ts": "c0f5d14280ad8a807f5d37b5c444965cd9e0d5b8cfb574ffb50c0df6205efc1a",
    "https://esm.sh/v111/react-icons@4.8.0/bs/index.d.ts": "811346068c146d75857957aa7b4a53fa313b80f69350fc220a3305f9757d3967",
    "https://esm.sh/v111/react-icons@4.8.0/deno/bs.js": "b21551caea3e901db05528051ff7be74f660fea6987321eeefd917c3e38ce9d2",
    "https://esm.sh/v111/react-icons@4.8.0/deno/fa.js": "dc884a77983eec288e64d8ea4cf6bd4d1b2e537e7cda220b1a163b1889f17647",
    "https://esm.sh/v111/react-icons@4.8.0/deno/lib.js": "dbf0c35b74575d4b8d0a96b90b72e6b05ee1e5facf35b9d6a9fd578a595d6cb9",
    "https://esm.sh/v111/react-icons@4.8.0/deno/lib/esm/iconBase.js": "7978a2fb90c326e978bc1fb865db9ab96886ef93204341729be17afed76fd6d3",
    "https://esm.sh/v111/react-icons@4.8.0/deno/lib/esm/iconContext.js": "fdb3e6e8b2ecf4aebf5f655635d88beebff0812781d9065f8e515e45c7a72545",
    "https://esm.sh/v111/react-icons@4.8.0/deno/lib/esm/iconsManifest.js": "9cedc936156de5a17d158d5f97b595734429a4049496af4dc9b24f6c8a186458",
    "https://esm.sh/v111/react-icons@4.8.0/deno/react-icons.js": "4840fa68c3faf96ac650b21fc936bcc0f0e0f0e4c838f7fe112ca813f70ee477",
    "https://esm.sh/v111/react-icons@4.8.0/fa/index.d.ts": "27606c61707a6d6360b5f84db1aa7040ab82d5ac6269d7cf8b5809dc8909cbfb",
    "https://esm.sh/v111/react-icons@4.8.0/lib": "1b5ea0eb9755b42ceae151e2ecf923fbdb0b264bb1f57a57cd04965ca9716dfc",
    "https://esm.sh/v111/react-icons@4.8.0/lib/esm/iconBase.d.ts": "4c99cf3e9ac6054ba9f120fbc5c7cc20be4e9a63398fa2ed660849a0206cfe3e",
    "https://esm.sh/v111/react-icons@4.8.0/lib/esm/iconContext.d.ts": "d00d50029c412b089ef5cebce07e48f4433aa83ff81369feabb763d3726650c0",
    "https://esm.sh/v111/react-icons@4.8.0/lib/esm/iconsManifest.d.ts": "9af0933b1aaaa6adc78a918c56929845c51a9d08f9c707165a9170acb2ca6ccb",
    "https://esm.sh/v111/react-icons@4.8.0/lib/esm/index.d.ts": "c0f5d14280ad8a807f5d37b5c444965cd9e0d5b8cfb574ffb50c0df6205efc1a",
    "https://esm.sh/v111/style-vendorizer@2.2.3/deno/style-vendorizer.js": "4823723c1cd5b34a60b4a1dfdf272a821d367fc472c23aeed6c3bcd7af5b7a7b",
    "https://esm.sh/v111/twind@0.16.17/css/css.d.ts": "35601cd329e9547fb398ca6da6894d1c1cd3501c6d3f923bf6a130c9bc1348ec",
    "https://esm.sh/v111/twind@0.16.17/deno/css.js": "6135ae58566ad6a1facddafd10935e3d244b487e700fda4c4d8f0c9eca4a28ac",
    "https://esm.sh/v111/twind@0.16.17/deno/sheets.js": "c504a460f5df2954f7334a821ef3ac9bedfc94dcc3f0dbf60af8d22f000391db",
    "https://esm.sh/v111/twind@0.16.17/deno/twind.js": "076dfc344b9507b3f5ee8a20d0b1e6eeb2ea3c6688649026ed0e13e4de158ff2",
    "https://esm.sh/v111/twind@0.16.17/sheets/sheets.d.ts": "103ecfb19311b86eb5f7a4899f6a3b1192a84cfb73b6ff9a8b84d78b053e6704",
    "https://esm.sh/v111/twind@0.16.17/twind.d.ts": "35492f009a6d8695748d121d0b3b210b0819a663eafc77d68296d3110d6ec27f",
    "https://esm.sh/v111/use-sync-external-store@1.2.0/X-YS9yZWFjdDpwcmVhY3QvY29tcGF0/deno/cjs/use-sync-external-store-shim.production.min.js": "e935a35a376e4ad7f3a4ae84028199f773c8252ca1a9458cf062a6d3e904ee2c",
    "https://esm.sh/v111/use-sync-external-store@1.2.0/X-YS9yZWFjdDpwcmVhY3QvY29tcGF0/deno/cjs/use-sync-external-store-shim/with-selector.production.min.js": "07ba76ea5cf18634bf5d2cc054b1ab4badef3d8a2c5c8cc5883fe65ced102c70",
    "https://esm.sh/v111/use-sync-external-store@1.2.0/X-YS9yZWFjdDpwcmVhY3QvY29tcGF0/deno/shim.js": "9c966b22209d3254797caaab1f4ded01a297c9496ec63b2ec3995c697566e0e2",
    "https://esm.sh/v111/use-sync-external-store@1.2.0/X-YS9yZWFjdDpwcmVhY3QvY29tcGF0/deno/shim/with-selector.js": "bc8af460311c02b18d189ef992a9a63529f039395a5bf59aab7ef47bf7cfbce1",
    "https://esm.sh/v111/use-sync-external-store@1.2.0/X-YS9yZWFjdDpwcmVhY3QvY29tcGF0CmQvcHJlYWN0QDEwLjExLjA/deno/cjs/use-sync-external-store-shim.production.min.js": "4c3f6809e7ff9ddad6c1bd88b1725c47fc137cf8e18bf6c2a572852df354212e",
    "https://esm.sh/v111/use-sync-external-store@1.2.0/X-YS9yZWFjdDpwcmVhY3QvY29tcGF0CmQvcHJlYWN0QDEwLjExLjA/deno/cjs/use-sync-external-store-shim/with-selector.production.min.js": "8ae6be384cbcba99636b696146b70ff7eef6864aeae2523219e25a879cd5e6f6",
    "https://esm.sh/v111/use-sync-external-store@1.2.0/X-YS9yZWFjdDpwcmVhY3QvY29tcGF0CmQvcHJlYWN0QDEwLjExLjA/deno/shim.js": "e39b920a20ad0a930d97bb042d941ee012e801aebd6746dfaeff9deac0eb6e23",
    "https://esm.sh/v111/use-sync-external-store@1.2.0/X-YS9yZWFjdDpwcmVhY3QvY29tcGF0CmQvcHJlYWN0QDEwLjExLjA/deno/shim/with-selector.js": "9f24557a6bb8e485a946d63e700e52ab966ef3d9c30ca3e07b5e63769235892f",
    "https://esm.sh/v111/use-sync-external-store@1.2.0/X-YS9yZWFjdDpwcmVhY3QvY29tcGF0CmQvcmVhY3RAMTguMi4w/deno/cjs/use-sync-external-store-shim.production.min.js": "e935a35a376e4ad7f3a4ae84028199f773c8252ca1a9458cf062a6d3e904ee2c",
    "https://esm.sh/v111/use-sync-external-store@1.2.0/X-YS9yZWFjdDpwcmVhY3QvY29tcGF0CmQvcmVhY3RAMTguMi4w/deno/cjs/use-sync-external-store-shim/with-selector.production.min.js": "f478482e26ed57d1eb69de2c34a4b66bcd5b2da0102e53e69fe527651c5afd1a",
    "https://esm.sh/v111/use-sync-external-store@1.2.0/X-YS9yZWFjdDpwcmVhY3QvY29tcGF0CmQvcmVhY3RAMTguMi4w/deno/shim.js": "bb0a9770d83dd4151240a4d218ae2a0941eddeb4f09aee9748c558d76a1cef2b",
    "https://esm.sh/v111/use-sync-external-store@1.2.0/X-YS9yZWFjdDpwcmVhY3QvY29tcGF0CmQvcmVhY3RAMTguMi4w/deno/shim/with-selector.js": "96cdc83876faaece828f0b0b59f4749948acf633c2621356b8040411c726580b",
    "https://esm.sh/v111/use-sync-external-store@1.2.0/deno/cjs/use-sync-external-store-shim.production.min.js": "2ccad34216339c787bd84e50b0933eabf244933548a65ddda421c52afce84279",
    "https://esm.sh/v111/use-sync-external-store@1.2.0/deno/cjs/use-sync-external-store-shim/with-selector.production.min.js": "0c4bff7dd7e78fd6c90d7612200c19d8244f25d54424e2af1bf9fc05af07faf7",
    "https://esm.sh/v111/use-sync-external-store@1.2.0/deno/shim.js": "0ed6722451e35de7556e21fd14d4a352d8244c71991ab2238144fcb5f39c7cbe",
    "https://esm.sh/v111/use-sync-external-store@1.2.0/deno/shim/with-selector.js": "a410c56b38251ba11695e6b7ceb5908455b0685093a411c57de1a62caceb99c6",
    "https://esm.sh/v111/zustand@4.3.6/X-YS9yZWFjdDpwcmVhY3QvY29tcGF0/deno/vanilla.js": "f54ab48354103c271f88a62b4d93c685275bd731ec961a5cf62e6f79f3a25c9d",
    "https://esm.sh/v111/zustand@4.3.6/X-YS9yZWFjdDpwcmVhY3QvY29tcGF0/deno/zustand.js": "ed30febe7774ba1808561a74773dca1b01ad1da6c7bbc00253d572a92d9abb3c",
    "https://esm.sh/v111/zustand@4.3.6/X-YS9yZWFjdDpwcmVhY3QvY29tcGF0/index.d.ts": "5be0ce8d61cf8ef4ebe1ab81f8861fefb9f4b62cc41bf48c679b0a7d56aad94a",
    "https://esm.sh/v111/zustand@4.3.6/X-YS9yZWFjdDpwcmVhY3QvY29tcGF0/react.d.ts": "c412e2d62abd4ea2606096b1eb556b4048eaf333530e2511e37a9048c8c8b9b3",
    "https://esm.sh/v111/zustand@4.3.6/X-YS9yZWFjdDpwcmVhY3QvY29tcGF0/vanilla.d.ts": "44d3810b6d2227703f3dafbc353a6b80913d1681c52e3eaab04a38ebf7eb8553",
    "https://esm.sh/v111/zustand@4.3.6/X-YS9yZWFjdDpwcmVhY3QvY29tcGF0CmQvcHJlYWN0QDEwLjExLjA/deno/vanilla.js": "f54ab48354103c271f88a62b4d93c685275bd731ec961a5cf62e6f79f3a25c9d",
    "https://esm.sh/v111/zustand@4.3.6/X-YS9yZWFjdDpwcmVhY3QvY29tcGF0CmQvcHJlYWN0QDEwLjExLjA/deno/zustand.js": "ad59b7b34c5bc7c04da5c130daf581d2843908ed1c31d7ef73c0992162b04dc4",
    "https://esm.sh/v111/zustand@4.3.6/X-YS9yZWFjdDpwcmVhY3QvY29tcGF0CmQvcHJlYWN0QDEwLjExLjA/index.d.ts": "5be0ce8d61cf8ef4ebe1ab81f8861fefb9f4b62cc41bf48c679b0a7d56aad94a",
    "https://esm.sh/v111/zustand@4.3.6/X-YS9yZWFjdDpwcmVhY3QvY29tcGF0CmQvcHJlYWN0QDEwLjExLjA/react.d.ts": "c412e2d62abd4ea2606096b1eb556b4048eaf333530e2511e37a9048c8c8b9b3",
    "https://esm.sh/v111/zustand@4.3.6/X-YS9yZWFjdDpwcmVhY3QvY29tcGF0CmQvcHJlYWN0QDEwLjExLjA/vanilla.d.ts": "44d3810b6d2227703f3dafbc353a6b80913d1681c52e3eaab04a38ebf7eb8553",
    "https://esm.sh/v111/zustand@4.3.6/X-YS9yZWFjdDpwcmVhY3QvY29tcGF0CmQvcmVhY3RAMTguMi4w/deno/vanilla.js": "f54ab48354103c271f88a62b4d93c685275bd731ec961a5cf62e6f79f3a25c9d",
    "https://esm.sh/v111/zustand@4.3.6/X-YS9yZWFjdDpwcmVhY3QvY29tcGF0CmQvcmVhY3RAMTguMi4w/deno/zustand.js": "2ab94b3aaf0a634b2f1a6985903334d47ce2b9199c31b381413e22d583c7c180",
    "https://esm.sh/v111/zustand@4.3.6/X-YS9yZWFjdDpwcmVhY3QvY29tcGF0CmQvcmVhY3RAMTguMi4w/index.d.ts": "5be0ce8d61cf8ef4ebe1ab81f8861fefb9f4b62cc41bf48c679b0a7d56aad94a",
    "https://esm.sh/v111/zustand@4.3.6/X-YS9yZWFjdDpwcmVhY3QvY29tcGF0CmQvcmVhY3RAMTguMi4w/react.d.ts": "c412e2d62abd4ea2606096b1eb556b4048eaf333530e2511e37a9048c8c8b9b3",
    "https://esm.sh/v111/zustand@4.3.6/X-YS9yZWFjdDpwcmVhY3QvY29tcGF0CmQvcmVhY3RAMTguMi4w/vanilla.d.ts": "44d3810b6d2227703f3dafbc353a6b80913d1681c52e3eaab04a38ebf7eb8553",
    "https://esm.sh/v111/zustand@4.3.6/deno/vanilla.js": "f54ab48354103c271f88a62b4d93c685275bd731ec961a5cf62e6f79f3a25c9d",
    "https://esm.sh/v111/zustand@4.3.6/deno/zustand.js": "e0edd30f66b605b2b2032c3b4826a37cf52564b7794337449d62370d4433862c",
    "https://esm.sh/v111/zustand@4.3.6/index.d.ts": "5be0ce8d61cf8ef4ebe1ab81f8861fefb9f4b62cc41bf48c679b0a7d56aad94a",
    "https://esm.sh/v111/zustand@4.3.6/react.d.ts": "c412e2d62abd4ea2606096b1eb556b4048eaf333530e2511e37a9048c8c8b9b3",
    "https://esm.sh/v111/zustand@4.3.6/vanilla.d.ts": "44d3810b6d2227703f3dafbc353a6b80913d1681c52e3eaab04a38ebf7eb8553",
    "https://esm.sh/zustand@4.3.6": "808bfbd9d20e0ef8e35a90493e347247e5ce6eb0ab64629761ba8345b7e69cd9",
    "https://esm.sh/zustand@4.3.6?alias=react:preact/compat": "f8a153f9817f17b98cf14c42fe6d9baf4c30287b1eb68b425c1747f6961684ba",
    "https://esm.sh/zustand@4.3.6?alias=react:preact/compat&deps=preact@10.11.0": "856cb27b6b8767e91b8d661bbfe5a4c56bcc995f73d0831a897cd2b8c1e8f92b",
    "https://esm.sh/zustand@4.3.6?alias=react:preact/compat&deps=react": "bb00d8ec8831dde39af20716253a27466d2856a3d4436c4218daa7c8f56d0e4a"
  },
  "npm": {
    "specifiers": {
      "mongoose@7.0.2": "mongoose@7.0.2",
      "react-icons": "react-icons@4.8.0_react@18.2.0"
    },
    "packages": {
      "@types/node@18.15.2": {
        "integrity": "sha512-sDPHm2wfx2QhrMDK0pOt2J4KLJMAcerqWNvnED0itPRJWvI+bK+uNHzcH1dFsBlf7G3u8tqXmRF3wkvL9yUwMw==",
        "dependencies": {}
      },
      "@types/webidl-conversions@7.0.0": {
        "integrity": "sha512-xTE1E+YF4aWPJJeUzaZI5DRntlkY3+BCVJi0axFptnjGmAoWxkyREIh/XMrfxVLejwQxMCfDXdICo0VLxThrog==",
        "dependencies": {}
      },
      "@types/whatwg-url@8.2.2": {
        "integrity": "sha512-FtQu10RWgn3D9U4aazdwIE2yzphmTJREDqNdODHrbrZmmMqI0vMheC/6NE/J1Yveaj8H+ela+YwWTjq5PGmuhA==",
        "dependencies": {
          "@types/node": "@types/node@18.15.2",
          "@types/webidl-conversions": "@types/webidl-conversions@7.0.0"
        }
      },
      "bson@5.1.0": {
        "integrity": "sha512-FEecNHkhYRBe7X9KDkdG12xNuz5VHGeH6mCE0B5sBmYtiR/Ux/9vUH/v4NUoBCDr6NuEhvahjoLiiRogptVW0A==",
        "dependencies": {}
      },
      "debug@4.3.4": {
        "integrity": "sha512-PRWFHuSU3eDtQJPvnNY7Jcket1j0t5OuOsFzPPzsekD52Zl8qUfFIPEiswXqIvHWGVHOgX+7G/vCNNhehwxfkQ==",
        "dependencies": {
          "ms": "ms@2.1.2"
        }
      },
      "ip@2.0.0": {
        "integrity": "sha512-WKa+XuLG1A1R0UWhl2+1XQSi+fZWMsYKffMZTTYsiZaUD8k2yDAj5atimTUD2TZkyCkNEeYE5NhFZmupOGtjYQ==",
        "dependencies": {}
      },
      "js-tokens@4.0.0": {
        "integrity": "sha512-RdJUflcE3cUzKiMqQgsCu06FPu9UdIJO0beYbPhHN4k6apgJtifcoCtT9bcxOpYBtpD2kCM6Sbzg4CausW/PKQ==",
        "dependencies": {}
      },
      "kareem@2.5.1": {
        "integrity": "sha512-7jFxRVm+jD+rkq3kY0iZDJfsO2/t4BBPeEb2qKn2lR/9KhuksYk5hxzfRYWMPV8P/x2d0kHD306YyWLzjjH+uA==",
        "dependencies": {}
      },
      "loose-envify@1.4.0": {
        "integrity": "sha512-lyuxPGr/Wfhrlem2CL/UcnUc1zcqKAImBDzukY7Y5F/yQiNdko6+fRLevlw1HgMySw7f611UIY408EtxRSoK3Q==",
        "dependencies": {
          "js-tokens": "js-tokens@4.0.0"
        }
      },
      "memory-pager@1.5.0": {
        "integrity": "sha512-ZS4Bp4r/Zoeq6+NLJpP+0Zzm0pR8whtGPf1XExKLJBAczGMnSi3It14OiNCStjQjM6NU1okjQGSxgEZN8eBYKg==",
        "dependencies": {}
      },
      "mongodb-connection-string-url@2.6.0": {
        "integrity": "sha512-WvTZlI9ab0QYtTYnuMLgobULWhokRjtC7db9LtcVfJ+Hsnyr5eo6ZtNAt3Ly24XZScGMelOcGtm7lSn0332tPQ==",
        "dependencies": {
          "@types/whatwg-url": "@types/whatwg-url@8.2.2",
          "whatwg-url": "whatwg-url@11.0.0"
        }
      },
      "mongodb@5.1.0": {
        "integrity": "sha512-qgKb7y+EI90y4weY3z5+lIgm8wmexbonz0GalHkSElQXVKtRuwqXuhXKccyvIjXCJVy9qPV82zsinY0W1FBnJw==",
        "dependencies": {
          "bson": "bson@5.1.0",
          "mongodb-connection-string-url": "mongodb-connection-string-url@2.6.0",
          "saslprep": "saslprep@1.0.3",
          "socks": "socks@2.7.1"
        }
      },
      "mongoose@7.0.2": {
        "integrity": "sha512-whX+5lAOLOs6VXRr9w+6m5qb8m/IXWLLb9+0/HRUh2TiIYtTt7UvajK92zW6wllCjBkrrnz/MDIOTCWMbs8K4g==",
        "dependencies": {
          "bson": "bson@5.1.0",
          "kareem": "kareem@2.5.1",
          "mongodb": "mongodb@5.1.0",
          "mpath": "mpath@0.9.0",
          "mquery": "mquery@5.0.0",
          "ms": "ms@2.1.3",
          "sift": "sift@16.0.1"
        }
      },
      "mpath@0.9.0": {
        "integrity": "sha512-ikJRQTk8hw5DEoFVxHG1Gn9T/xcjtdnOKIU1JTmGjZZlg9LST2mBLmcX3/ICIbgJydT2GOc15RnNy5mHmzfSew==",
        "dependencies": {}
      },
      "mquery@5.0.0": {
        "integrity": "sha512-iQMncpmEK8R8ncT8HJGsGc9Dsp8xcgYMVSbs5jgnm1lFHTZqMJTUWTDx1LBO8+mK3tPNZWFLBghQEIOULSTHZg==",
        "dependencies": {
          "debug": "debug@4.3.4"
        }
      },
      "ms@2.1.2": {
        "integrity": "sha512-sGkPx+VjMtmA6MX27oA4FBFELFCZZ4S4XqeGOXCv68tT+jb3vk/RyaKWP0PTKyWtmLSM0b+adUTEvbs1PEaH2w==",
        "dependencies": {}
      },
      "ms@2.1.3": {
        "integrity": "sha512-6FlzubTLZG3J2a/NVCAleEhjzq5oxgHyaCU9yYXvcLsvoVaHJq/s5xXI6/XXP6tz7R9xAOtHnSO/tXtF3WRTlA==",
        "dependencies": {}
      },
      "punycode@2.3.0": {
        "integrity": "sha512-rRV+zQD8tVFys26lAGR9WUuS4iUAngJScM+ZRSKtvl5tKeZ2t5bvdNFdNHBW9FWR4guGHlgmsZ1G7BSm2wTbuA==",
        "dependencies": {}
      },
      "react-icons@4.8.0_react@18.2.0": {
        "integrity": "sha512-N6+kOLcihDiAnj5Czu637waJqSnwlMNROzVZMhfX68V/9bu9qHaMIJC4UdozWoOk57gahFCNHwVvWzm0MTzRjg==",
        "dependencies": {
          "react": "react@18.2.0"
        }
      },
      "react@18.2.0": {
        "integrity": "sha512-/3IjMdb2L9QbBdWiW5e3P2/npwMBaU9mHCSCUzNln0ZCYbcfTsGbTJrU/kGemdH2IWmB2ioZ+zkxtmq6g09fGQ==",
        "dependencies": {
          "loose-envify": "loose-envify@1.4.0"
        }
      },
      "saslprep@1.0.3": {
        "integrity": "sha512-/MY/PEMbk2SuY5sScONwhUDsV2p77Znkb/q3nSVstq/yQzYJOH/Azh29p9oJLsl3LnQwSvZDKagDGBsBwSooag==",
        "dependencies": {
          "sparse-bitfield": "sparse-bitfield@3.0.3"
        }
      },
      "sift@16.0.1": {
        "integrity": "sha512-Wv6BjQ5zbhW7VFefWusVP33T/EM0vYikCaQ2qR8yULbsilAT8/wQaXvuQ3ptGLpoKx+lihJE3y2UTgKDyyNHZQ==",
        "dependencies": {}
      },
      "smart-buffer@4.2.0": {
        "integrity": "sha512-94hK0Hh8rPqQl2xXc3HsaBoOXKV20MToPkcXvwbISWLEs+64sBq5kFgn2kJDHb1Pry9yrP0dxrCI9RRci7RXKg==",
        "dependencies": {}
      },
      "socks@2.7.1": {
        "integrity": "sha512-7maUZy1N7uo6+WVEX6psASxtNlKaNVMlGQKkG/63nEDdLOWNbiUMoLK7X4uYoLhQstau72mLgfEWcXcwsaHbYQ==",
        "dependencies": {
          "ip": "ip@2.0.0",
          "smart-buffer": "smart-buffer@4.2.0"
        }
      },
      "sparse-bitfield@3.0.3": {
        "integrity": "sha512-kvzhi7vqKTfkh0PZU+2D2PIllw2ymqJKujUcyPMd9Y75Nv4nPbGJZXNhxsgdQab2BmlDct1YnfQCguEvHr7VsQ==",
        "dependencies": {
          "memory-pager": "memory-pager@1.5.0"
        }
      },
      "tr46@3.0.0": {
        "integrity": "sha512-l7FvfAHlcmulp8kr+flpQZmVwtu7nfRV7NZujtN0OqES8EL4O4e0qqzL0DC5gAvx/ZC/9lk6rhcUwYvkBnBnYA==",
        "dependencies": {
          "punycode": "punycode@2.3.0"
        }
      },
      "webidl-conversions@7.0.0": {
        "integrity": "sha512-VwddBukDzu71offAQR975unBIGqfKZpM+8ZX6ySk8nYhVoo5CYaZyzt3YBvYtRtO+aoGlqxPg/B87NGVZ/fu6g==",
        "dependencies": {}
      },
      "whatwg-url@11.0.0": {
        "integrity": "sha512-RKT8HExMpoYx4igMiVMY83lN6UeITKJlBQ+vR/8ZJ8OCdSiN3RwCq+9gH0+Xzj0+5IrM6i4j/6LuvzbZIQgEcQ==",
        "dependencies": {
          "tr46": "tr46@3.0.0",
          "webidl-conversions": "webidl-conversions@7.0.0"
        }
      }
    }
  }
}
